
Microsoft Visual Studio Solution File, Format Version 12.00
# Visual Studio Version 17
VisualStudioVersion = 17.14.36518.9 d17.14
MinimumVisualStudioVersion = 10.0.40219.1
Project("{FAE04EC0-301F-11D3-BF4B-00C04F79EFBC}") = "UM-NfoGenerator", "UM-NfoGenerator\UM-NfoGenerator.csproj", "{870E2119-B418-4C4E-8713-8BA6BE08382D}"
EndProject
Global
	GlobalSection(SolutionConfigurationPlatforms) = preSolution
		Debug|Any CPU = Debug|Any CPU
		Release|Any CPU = Release|Any CPU
	EndGlobalSection
	GlobalSection(ProjectConfigurationPlatforms) = postSolution
		{870E2119-B418-4C4E-8713-8BA6BE08382D}.Debug|Any CPU.ActiveCfg = Debug|Any CPU
		{870E2119-B418-4C4E-8713-8BA6BE08382D}.Debug|Any CPU.Build.0 = Debug|Any CPU
		{870E2119-B418-4C4E-8713-8BA6BE08382D}.Release|Any CPU.ActiveCfg = Release|Any CPU
		{870E2119-B418-4C4E-8713-8BA6BE08382D}.Release|Any CPU.Build.0 = Release|Any CPU
	EndGlobalSection
	GlobalSection(SolutionProperties) = preSolution
		HideSolutionNode = FALSE
	EndGlobalSection
	GlobalSection(ExtensibilityGlobals) = postSolution
		SolutionGuid = {7F62BB06-3614-4460-9FAA-C1E2F9188758}
	EndGlobalSection
EndGlobal
